
Microsoft Visual Studio Solution File, Format Version 12.00
# Visual Studio Version 16
VisualStudioVersion = 16.0.29911.84
MinimumVisualStudioVersion = 10.0.40219.1
Project("{FAE04EC0-301F-11D3-BF4B-00C04F79EFBC}") = "playfairkodologui", "playfairkodologui.csproj", "{B141E034-435D-4F71-BBA0-E3C5139D8F6F}"
EndProject
Global
	GlobalSection(SolutionConfigurationPlatforms) = preSolution
		Debug|Any CPU = Debug|Any CPU
		Release|Any CPU = Release|Any CPU
	EndGlobalSection
	GlobalSection(ProjectConfigurationPlatforms) = postSolution
		{B141E034-435D-4F71-BBA0-E3C5139D8F6F}.Debug|Any CPU.ActiveCfg = Debug|Any CPU
		{B141E034-435D-4F71-BBA0-E3C5139D8F6F}.Debug|Any CPU.Build.0 = Debug|Any CPU
		{B141E034-435D-4F71-BBA0-E3C5139D8F6F}.Release|Any CPU.ActiveCfg = Release|Any CPU
		{B141E034-435D-4F71-BBA0-E3C5139D8F6F}.Release|Any CPU.Build.0 = Release|Any CPU
	EndGlobalSection
	GlobalSection(SolutionProperties) = preSolution
		HideSolutionNode = FALSE
	EndGlobalSection
	GlobalSection(ExtensibilityGlobals) = postSolution
		SolutionGuid = {F8333F8C-BC9C-4464-995A-8916A140CD71}
	EndGlobalSection
EndGlobal
